{
  "originHash" : "9a6f58def176b13a4d93eb780d00284de4eff579712da356feffdd8f5a63671a",
  "pins" : [
    {
      "identity" : "remoteresourcekit",
      "kind" : "remoteSourceControl",
      "location" : "https://github.com/manthan127/RemoteResourceKit.git",
      "state" : {
        "branch" : "main",
        "revision" : "fa55006222ccf607702e23fa8a188fdb04e128df"
      }
    }
  ],
  "version" : 3
}
