{
  "originHash" : "2979e98b1b8fe995747451362d9b8b98665e9621a72ab13cbbdc05299a267885",
  "pins" : [
    {
      "identity" : "remoteresourcekit",
      "kind" : "remoteSourceControl",
      "location" : "https://github.com/manthan127/RemoteResourceKit.git",
      "state" : {
        "revision" : "9951bdca963a380e586f46f9b8a03987cb8d7ec4",
        "version" : "0.0.0"
      }
    }
  ],
  "version" : 3
}
